
Microsoft Visual Studio Solution File, Format Version 12.00
# Visual Studio 15
VisualStudioVersion = 15.0.28307.1062
MinimumVisualStudioVersion = 10.0.40219.1
Project("{8BC9CEB8-8B4A-11D0-8D11-00A0C91BC942}") = "kakaoTest", "kakaoTest\kakaoTest.vcxproj", "{3D08E4DD-DC91-44D9-A3B2-C5D6896F9AC2}"
EndProject
Global
	GlobalSection(SolutionConfigurationPlatforms) = preSolution
		Debug|x64 = Debug|x64
		Debug|x86 = Debug|x86
		Release|x64 = Release|x64
		Release|x86 = Release|x86
	EndGlobalSection
	GlobalSection(ProjectConfigurationPlatforms) = postSolution
		{3D08E4DD-DC91-44D9-A3B2-C5D6896F9AC2}.Debug|x64.ActiveCfg = Debug|x64
		{3D08E4DD-DC91-44D9-A3B2-C5D6896F9AC2}.Debug|x64.Build.0 = Debug|x64
		{3D08E4DD-DC91-44D9-A3B2-C5D6896F9AC2}.Debug|x86.ActiveCfg = Debug|Win32
		{3D08E4DD-DC91-44D9-A3B2-C5D6896F9AC2}.Debug|x86.Build.0 = Debug|Win32
		{3D08E4DD-DC91-44D9-A3B2-C5D6896F9AC2}.Release|x64.ActiveCfg = Release|x64
		{3D08E4DD-DC91-44D9-A3B2-C5D6896F9AC2}.Release|x64.Build.0 = Release|x64
		{3D08E4DD-DC91-44D9-A3B2-C5D6896F9AC2}.Release|x86.ActiveCfg = Release|Win32
		{3D08E4DD-DC91-44D9-A3B2-C5D6896F9AC2}.Release|x86.Build.0 = Release|Win32
	EndGlobalSection
	GlobalSection(SolutionProperties) = preSolution
		HideSolutionNode = FALSE
	EndGlobalSection
	GlobalSection(ExtensibilityGlobals) = postSolution
		SolutionGuid = {72248255-2B7E-4C21-A9DD-A9569DD3CA3E}
	EndGlobalSection
EndGlobal
